
Microsoft Visual Studio Solution File, Format Version 12.00
# Visual Studio Version 17
VisualStudioVersion = 17.14.36616.10 d17.14
MinimumVisualStudioVersion = 10.0.40219.1
Project("{FAE04EC0-301F-11D3-BF4B-00C04F79EFBC}") = "AdventOfCode2025", "AdventOfCode2025.csproj", "{700F613B-E04F-4335-A8AE-5DF719DEC77A}"
EndProject
Global
	GlobalSection(SolutionConfigurationPlatforms) = preSolution
		Debug|Any CPU = Debug|Any CPU
		Release|Any CPU = Release|Any CPU
	EndGlobalSection
	GlobalSection(ProjectConfigurationPlatforms) = postSolution
		{700F613B-E04F-4335-A8AE-5DF719DEC77A}.Debug|Any CPU.ActiveCfg = Debug|Any CPU
		{700F613B-E04F-4335-A8AE-5DF719DEC77A}.Debug|Any CPU.Build.0 = Debug|Any CPU
		{700F613B-E04F-4335-A8AE-5DF719DEC77A}.Release|Any CPU.ActiveCfg = Release|Any CPU
		{700F613B-E04F-4335-A8AE-5DF719DEC77A}.Release|Any CPU.Build.0 = Release|Any CPU
	EndGlobalSection
	GlobalSection(SolutionProperties) = preSolution
		HideSolutionNode = FALSE
	EndGlobalSection
	GlobalSection(ExtensibilityGlobals) = postSolution
		SolutionGuid = {3D295D75-6F72-4BB2-9288-094263D8C9EC}
	EndGlobalSection
EndGlobal
